<?xml version="1.0" encoding="utf-8"?>
<Project ToolsVersion="4.0" xmlns="http://schemas.microsoft.com/developer/msbuild/2003">
  <ItemGroup>
    <ClCompile Include="..\cpp\Logic\Army.cpp">
      <Filter>cpp</Filter>
    </ClCompile>
    <ClCompile Include="..\cpp\utils\Array.cpp">
      <Filter>cpp</Filter>
    </ClCompile>
    <ClCompile Include="..\cpp\Logic\Building.cpp">
      <Filter>cpp</Filter>
    </ClCompile>
    <ClCompile Include="..\cpp\utils\Config.cpp">
      <Filter>cpp</Filter>
    </ClCompile>
    <ClCompile Include="..\cpp\globals.cpp">
      <Filter>cpp</Filter>
    </ClCompile>
    <ClCompile Include="..\cpp\utils\GlobalTimer.cpp">
      <Filter>cpp</Filter>
    </ClCompile>
    <ClCompile Include="..\cpp\Main.cpp">
      <Filter>cpp</Filter>
    </ClCompile>
    <ClCompile Include="..\cpp\utils\Operation.cpp">
      <Filter>cpp</Filter>
    </ClCompile>
    <ClCompile Include="..\cpp\mash.cpp">
      <Filter>cpp</Filter>
    </ClCompile>
    <ClCompile Include="..\cpp\output.cpp">
      <Filter>cpp</Filter>
    </ClCompile>
    <ClCompile Include="..\cpp\Logic\Player.cpp">
      <Filter>cpp</Filter>
    </ClCompile>
    <ClCompile Include="..\cpp\utils\Point.cpp">
      <Filter>cpp</Filter>
    </ClCompile>
    <ClCompile Include="..\cpp\Logic\Region.cpp">
      <Filter>cpp</Filter>
    </ClCompile>
    <ClCompile Include="..\cpp\Logic\RegionManager.cpp">
      <Filter>cpp</Filter>
    </ClCompile>
    <ClCompile Include="..\cpp\shader.cpp">
      <Filter>cpp</Filter>
    </ClCompile>
    <ClCompile Include="..\cpp\Logic\Weapon.cpp">
      <Filter>cpp</Filter>
    </ClCompile>
    <ClCompile Include="..\include\imgui\imgui.cpp">
      <Filter>include</Filter>
    </ClCompile>
    <ClCompile Include="..\include\imgui\imgui_demo.cpp">
      <Filter>include</Filter>
    </ClCompile>
    <ClCompile Include="..\include\imgui\imgui_draw.cpp">
      <Filter>include</Filter>
    </ClCompile>
    <ClCompile Include="..\include\imgui\imgui_impl_glfw.cpp">
      <Filter>include</Filter>
    </ClCompile>
    <ClCompile Include="..\include\imgui\imgui_impl_opengl3.cpp">
      <Filter>include</Filter>
    </ClCompile>
    <ClCompile Include="..\include\imgui\imgui_tables.cpp">
      <Filter>include</Filter>
    </ClCompile>
    <ClCompile Include="..\include\imgui\imgui_widgets.cpp">
      <Filter>include</Filter>
    </ClCompile>
    <ClCompile Include="..\cpp\Engine.cpp">
      <Filter>cpp</Filter>
    </ClCompile>
  </ItemGroup>
  <ItemGroup>
    <ClInclude Include="..\header\Logic\AI.h">
      <Filter>header</Filter>
    </ClInclude>
    <ClInclude Include="..\header\Logic\Army.h">
      <Filter>header</Filter>
    </ClInclude>
    <ClInclude Include="..\header\utils\Array.h">
      <Filter>header</Filter>
    </ClInclude>
    <ClInclude Include="..\header\Logic\Building.h">
      <Filter>header</Filter>
    </ClInclude>
    <ClInclude Include="..\header\ByteArray.h">
      <Filter>header</Filter>
    </ClInclude>
    <ClInclude Include="..\header\Camera.h">
      <Filter>header</Filter>
    </ClInclude>
    <ClInclude Include="..\header\debug.h">
      <Filter>header</Filter>
    </ClInclude>
    <ClInclude Include="..\header\Engine.h">
      <Filter>header</Filter>
    </ClInclude>
    <ClInclude Include="..\header\passes\FlameRenderPass.h">
      <Filter>header</Filter>
    </ClInclude>
    <ClInclude Include="..\header\utils\FloatBuffer.h">
      <Filter>header</Filter>
    </ClInclude>
    <ClInclude Include="..\header\passes\FragmentBuffer.h">
      <Filter>header</Filter>
    </ClInclude>
    <ClInclude Include="..\header\Exception\FullHpException.h">
      <Filter>header</Filter>
    </ClInclude>
    <ClInclude Include="..\header\globals.h">
      <Filter>header</Filter>
    </ClInclude>
    <ClInclude Include="..\header\utils\ImageLoader.h">
      <Filter>header</Filter>
    </ClInclude>
    <ClInclude Include="..\header\mash.h">
      <Filter>header</Filter>
    </ClInclude>
    <ClInclude Include="..\header\output.h">
      <Filter>header</Filter>
    </ClInclude>
    <ClInclude Include="..\header\Logic\Player.h">
      <Filter>header</Filter>
    </ClInclude>
    <ClInclude Include="..\header\utils\Point.h">
      <Filter>header</Filter>
    </ClInclude>
    <ClInclude Include="..\header\points.h">
      <Filter>header</Filter>
    </ClInclude>
    <ClInclude Include="..\header\Logic\Region.h">
      <Filter>header</Filter>
    </ClInclude>
    <ClInclude Include="..\header\utils\RegionData.h">
      <Filter>header</Filter>
    </ClInclude>
    <ClInclude Include="..\header\Logic\RegionManager.h">
      <Filter>header</Filter>
    </ClInclude>
    <ClInclude Include="..\header\utils\RegionSelector.h">
      <Filter>header</Filter>
    </ClInclude>
    <ClInclude Include="..\header\utils\RegionSSBOBuffer.h">
      <Filter>header</Filter>
    </ClInclude>
    <ClInclude Include="..\header\shader.h">
      <Filter>header</Filter>
    </ClInclude>
    <ClInclude Include="..\header\utils\SmoothMove.h">
      <Filter>header</Filter>
    </ClInclude>
    <ClInclude Include="..\header\passes\SSBO.h">
      <Filter>header</Filter>
    </ClInclude>
    <ClInclude Include="..\header\passes\SSBOByteArray.h">
      <Filter>header</Filter>
    </ClInclude>
    <ClInclude Include="..\header\Timer.h">
      <Filter>header</Filter>
    </ClInclude>
    <ClInclude Include="..\header\Logic\Weapon.h">
      <Filter>header</Filter>
    </ClInclude>
    <ClInclude Include="..\include\bass\bass.h">
      <Filter>include</Filter>
    </ClInclude>
    <ClInclude Include="..\include\GL\eglew.h">
      <Filter>include</Filter>
    </ClInclude>
    <ClInclude Include="..\include\GL\gl.h">
      <Filter>include</Filter>
    </ClInclude>
    <ClInclude Include="..\include\GL\glew.h">
      <Filter>include</Filter>
    </ClInclude>
    <ClInclude Include="..\include\GLFW\glfw3.h">
      <Filter>include</Filter>
    </ClInclude>
    <ClInclude Include="..\include\GLFW\glfw3native.h">
      <Filter>include</Filter>
    </ClInclude>
    <ClInclude Include="..\include\GL\glxew.h">
      <Filter>include</Filter>
    </ClInclude>
    <ClInclude Include="..\include\imgui\imconfig.h">
      <Filter>include</Filter>
    </ClInclude>
    <ClInclude Include="..\include\imgui\imgui.h">
      <Filter>include</Filter>
    </ClInclude>
    <ClInclude Include="..\include\imgui\imgui_impl_glfw.h">
      <Filter>include</Filter>
    </ClInclude>
    <ClInclude Include="..\include\imgui\imgui_impl_opengl3.h">
      <Filter>include</Filter>
    </ClInclude>
    <ClInclude Include="..\include\imgui\imgui_impl_opengl3_loader.h">
      <Filter>include</Filter>
    </ClInclude>
    <ClInclude Include="..\include\imgui\imgui_internal.h">
      <Filter>include</Filter>
    </ClInclude>
    <ClInclude Include="..\include\imgui\imstb_rectpack.h">
      <Filter>include</Filter>
    </ClInclude>
    <ClInclude Include="..\include\imgui\imstb_textedit.h">
      <Filter>include</Filter>
    </ClInclude>
    <ClInclude Include="..\include\json.hpp">
      <Filter>include</Filter>
    </ClInclude>
    <ClInclude Include="..\include\imgui\imstb_truetype.h">
      <Filter>include</Filter>
    </ClInclude>
    <ClInclude Include="..\include\linmath.h">
      <Filter>include</Filter>
    </ClInclude>
    <ClInclude Include="..\include\stb\stb_image.h">
      <Filter>include</Filter>
    </ClInclude>
    <ClInclude Include="..\include\GL\wglew.h">
      <Filter>include</Filter>
    </ClInclude>
    <ClInclude Include="..\header\Exception\SurrenderNotAttackedException.h">
      <Filter>header</Filter>
    </ClInclude>
    <ClInclude Include="..\header\utils\Operation.h">
      <Filter>header</Filter>
    </ClInclude>
    <ClInclude Include="..\header\utils\Config.h">
      <Filter>header</Filter>
    </ClInclude>
  </ItemGroup>
  <ItemGroup>
    <None Include="..\README.md" />
    <None Include="..\shaders\direct_tex.frag">
      <Filter>shader</Filter>
    </None>
    <None Include="..\shaders\flame_render_pass.frag">
      <Filter>shader</Filter>
    </None>
    <None Include="..\shaders\direct_tex.vert">
      <Filter>shader</Filter>
    </None>
    <None Include="..\shaders\flame_render_pass.vert">
      <Filter>shader</Filter>
    </None>
    <None Include="..\shaders\gaussian_blur.frag">
      <Filter>shader</Filter>
    </None>
    <None Include="..\shaders\gaussian_blur.vert">
      <Filter>shader</Filter>
    </None>
    <None Include="..\shaders\map_renderer.frag">
      <Filter>shader</Filter>
    </None>
    <None Include="..\shaders\map_renderer.vert">
      <Filter>shader</Filter>
    </None>
    <None Include="..\shaders\normal_gl.frag">
      <Filter>shader</Filter>
    </None>
    <None Include="..\shaders\normal_gl.vert">
      <Filter>shader</Filter>
    </None>
    <None Include="..\shaders\points_renderer.frag">
      <Filter>shader</Filter>
    </None>
    <None Include="..\shaders\points_renderer.vert">
      <Filter>shader</Filter>
    </None>
  </ItemGroup>
  <ItemGroup>
    <Text Include="..\shaders\main_game_pass.frag">
      <Filter>shader</Filter>
    </Text>
    <Text Include="..\shaders\main_game_pass.vert">
      <Filter>shader</Filter>
    </Text>
  </ItemGroup>
  <ItemGroup>
    <Filter Include="header">
      <UniqueIdentifier>{e73ffd85-f6d6-4a39-b8c0-f563c53bc077}</UniqueIdentifier>
    </Filter>
    <Filter Include="include">
      <UniqueIdentifier>{5abc9399-0ee9-4d04-93e1-8b78ace6dd02}</UniqueIdentifier>
    </Filter>
    <Filter Include="cpp">
      <UniqueIdentifier>{055fc183-85b1-49e5-a815-4bdcd4a21a24}</UniqueIdentifier>
    </Filter>
    <Filter Include="shader">
      <UniqueIdentifier>{88e820a2-4f2d-4612-a202-ee6470f712e8}</UniqueIdentifier>
    </Filter>
  </ItemGroup>
</Project>